
Microsoft Visual Studio Solution File, Format Version 12.00
# Visual Studio 2015
Project("{FAE04EC0-301F-11D3-BF4B-00C04F79EFBC}") = "SamSara", "SamSara.csproj", "{D0822890-2AED-5EBD-132B-147CA29E6601}"
EndProject
Project("{FAE04EC0-301F-11D3-BF4B-00C04F79EFBC}") = "SamSara.Editor", "SamSara.Editor.csproj", "{D71A8A99-2B82-2B70-23E0-13F53E9896AE}"
EndProject
Global
	GlobalSection(SolutionConfigurationPlatforms) = preSolution
		Debug|Any CPU = Debug|Any CPU
		Release|Any CPU = Release|Any CPU
	EndGlobalSection
	GlobalSection(ProjectConfigurationPlatforms) = postSolution
		{D0822890-2AED-5EBD-132B-147CA29E6601}.Debug|Any CPU.ActiveCfg = Debug|Any CPU
		{D0822890-2AED-5EBD-132B-147CA29E6601}.Debug|Any CPU.Build.0 = Debug|Any CPU
		{D0822890-2AED-5EBD-132B-147CA29E6601}.Release|Any CPU.ActiveCfg = Release|Any CPU
		{D0822890-2AED-5EBD-132B-147CA29E6601}.Release|Any CPU.Build.0 = Release|Any CPU
		{D71A8A99-2B82-2B70-23E0-13F53E9896AE}.Debug|Any CPU.ActiveCfg = Debug|Any CPU
		{D71A8A99-2B82-2B70-23E0-13F53E9896AE}.Debug|Any CPU.Build.0 = Debug|Any CPU
		{D71A8A99-2B82-2B70-23E0-13F53E9896AE}.Release|Any CPU.ActiveCfg = Release|Any CPU
		{D71A8A99-2B82-2B70-23E0-13F53E9896AE}.Release|Any CPU.Build.0 = Release|Any CPU
	EndGlobalSection
	GlobalSection(SolutionProperties) = preSolution
		HideSolutionNode = FALSE
	EndGlobalSection
EndGlobal
